
Microsoft Visual Studio Solution File, Format Version 12.00
# Visual Studio Version 16
VisualStudioVersion = 16.0.31605.320
MinimumVisualStudioVersion = 10.0.40219.1
Project("{FAE04EC0-301F-11D3-BF4B-00C04F79EFBC}") = "H5API", "H5API\H5API.csproj", "{DAEE6655-5E0C-4FB4-8A13-6D463B03A2E0}"
EndProject
Project("{FAE04EC0-301F-11D3-BF4B-00C04F79EFBC}") = "H5API.Libary", "H5API.Libary\H5API.Libary.csproj", "{3F8608D0-60F3-41B5-BA35-421FAAB8BB37}"
EndProject
Project("{2150E333-8FDC-42A3-9474-1A3956D46DE8}") = "Database", "Database", "{EB7667E3-CFDF-4C22-BB97-A22736D6B188}"
EndProject
Project("{00D1A9C2-B5F0-4AF3-8072-F6C62B433612}") = "H5Data", "H5Data\H5Data.sqlproj", "{54BEF468-478E-4211-8156-41B7D753269A}"
EndProject
Project("{2150E333-8FDC-42A3-9474-1A3956D46DE8}") = "API", "API", "{D941EE34-7667-4270-826F-A631A031E88A}"
EndProject
Project("{FAE04EC0-301F-11D3-BF4B-00C04F79EFBC}") = "H5DesktopUI", "H5DesktopUI\H5DesktopUI.csproj", "{0C22391F-8C8D-44F0-8B22-2C0803ED7E5E}"
EndProject
Project("{FAE04EC0-301F-11D3-BF4B-00C04F79EFBC}") = "H5DesktopUI.Libary", "H5DesktopUI.Libary\H5DesktopUI.Libary.csproj", "{D8EAF0FF-ACB4-4364-A663-1F6228448953}"
EndProject
Project("{2150E333-8FDC-42A3-9474-1A3956D46DE8}") = "WPF", "WPF", "{D895B755-741E-4EA8-AB24-71903F94DF55}"
EndProject
Global
	GlobalSection(SolutionConfigurationPlatforms) = preSolution
		Debug|Any CPU = Debug|Any CPU
		Release|Any CPU = Release|Any CPU
	EndGlobalSection
	GlobalSection(ProjectConfigurationPlatforms) = postSolution
		{DAEE6655-5E0C-4FB4-8A13-6D463B03A2E0}.Debug|Any CPU.ActiveCfg = Debug|Any CPU
		{DAEE6655-5E0C-4FB4-8A13-6D463B03A2E0}.Debug|Any CPU.Build.0 = Debug|Any CPU
		{DAEE6655-5E0C-4FB4-8A13-6D463B03A2E0}.Release|Any CPU.ActiveCfg = Release|Any CPU
		{DAEE6655-5E0C-4FB4-8A13-6D463B03A2E0}.Release|Any CPU.Build.0 = Release|Any CPU
		{3F8608D0-60F3-41B5-BA35-421FAAB8BB37}.Debug|Any CPU.ActiveCfg = Debug|Any CPU
		{3F8608D0-60F3-41B5-BA35-421FAAB8BB37}.Debug|Any CPU.Build.0 = Debug|Any CPU
		{3F8608D0-60F3-41B5-BA35-421FAAB8BB37}.Release|Any CPU.ActiveCfg = Release|Any CPU
		{3F8608D0-60F3-41B5-BA35-421FAAB8BB37}.Release|Any CPU.Build.0 = Release|Any CPU
		{54BEF468-478E-4211-8156-41B7D753269A}.Debug|Any CPU.ActiveCfg = Debug|Any CPU
		{54BEF468-478E-4211-8156-41B7D753269A}.Debug|Any CPU.Build.0 = Debug|Any CPU
		{54BEF468-478E-4211-8156-41B7D753269A}.Debug|Any CPU.Deploy.0 = Debug|Any CPU
		{54BEF468-478E-4211-8156-41B7D753269A}.Release|Any CPU.ActiveCfg = Release|Any CPU
		{54BEF468-478E-4211-8156-41B7D753269A}.Release|Any CPU.Build.0 = Release|Any CPU
		{54BEF468-478E-4211-8156-41B7D753269A}.Release|Any CPU.Deploy.0 = Release|Any CPU
		{0C22391F-8C8D-44F0-8B22-2C0803ED7E5E}.Debug|Any CPU.ActiveCfg = Debug|Any CPU
		{0C22391F-8C8D-44F0-8B22-2C0803ED7E5E}.Debug|Any CPU.Build.0 = Debug|Any CPU
		{0C22391F-8C8D-44F0-8B22-2C0803ED7E5E}.Release|Any CPU.ActiveCfg = Release|Any CPU
		{0C22391F-8C8D-44F0-8B22-2C0803ED7E5E}.Release|Any CPU.Build.0 = Release|Any CPU
		{D8EAF0FF-ACB4-4364-A663-1F6228448953}.Debug|Any CPU.ActiveCfg = Debug|Any CPU
		{D8EAF0FF-ACB4-4364-A663-1F6228448953}.Debug|Any CPU.Build.0 = Debug|Any CPU
		{D8EAF0FF-ACB4-4364-A663-1F6228448953}.Release|Any CPU.ActiveCfg = Release|Any CPU
		{D8EAF0FF-ACB4-4364-A663-1F6228448953}.Release|Any CPU.Build.0 = Release|Any CPU
	EndGlobalSection
	GlobalSection(SolutionProperties) = preSolution
		HideSolutionNode = FALSE
	EndGlobalSection
	GlobalSection(NestedProjects) = preSolution
		{DAEE6655-5E0C-4FB4-8A13-6D463B03A2E0} = {D941EE34-7667-4270-826F-A631A031E88A}
		{3F8608D0-60F3-41B5-BA35-421FAAB8BB37} = {D941EE34-7667-4270-826F-A631A031E88A}
		{54BEF468-478E-4211-8156-41B7D753269A} = {EB7667E3-CFDF-4C22-BB97-A22736D6B188}
		{0C22391F-8C8D-44F0-8B22-2C0803ED7E5E} = {D895B755-741E-4EA8-AB24-71903F94DF55}
		{D8EAF0FF-ACB4-4364-A663-1F6228448953} = {D895B755-741E-4EA8-AB24-71903F94DF55}
	EndGlobalSection
	GlobalSection(ExtensibilityGlobals) = postSolution
		SolutionGuid = {F21FC336-C34C-4742-A696-810F1F162EA0}
	EndGlobalSection
EndGlobal
